
Microsoft Visual Studio Solution File, Format Version 12.00
# Visual Studio Version 17
VisualStudioVersion = 17.0.31903.59
MinimumVisualStudioVersion = 10.0.40219.1
Project("{2150E333-8FDC-42A3-9474-1A3956D46DE8}") = "src", "src", "{27F06173-2F92-447C-9E2E-7941101D3930}"
EndProject
Project("{FAE04EC0-301F-11D3-BF4B-00C04F79EFBC}") = "Clouder.Core", "src\Clouder.Core\Clouder.Core.csproj", "{2A090A49-94A1-4D5F-BFEE-720C3D6185D6}"
EndProject
Project("{FAE04EC0-301F-11D3-BF4B-00C04F79EFBC}") = "Clouder.Storage", "src\Clouder.Storage\Clouder.Storage.csproj", "{B35B424C-DA15-44E5-9161-4CAA5D036C8D}"
EndProject
Project("{FAE04EC0-301F-11D3-BF4B-00C04F79EFBC}") = "Clouder.Providers.GoogleDrive", "src\Clouder.Providers.GoogleDrive\Clouder.Providers.GoogleDrive.csproj", "{A29485F3-406A-4DD3-B96A-7CDFFAB7B68D}"
EndProject
Project("{FAE04EC0-301F-11D3-BF4B-00C04F79EFBC}") = "Clouder.Providers.Mega", "src\Clouder.Providers.Mega\Clouder.Providers.Mega.csproj", "{DFA31D30-1EB8-4821-A45D-BA4E2808014C}"
EndProject
Project("{FAE04EC0-301F-11D3-BF4B-00C04F79EFBC}") = "Clouder.CloudFilter", "src\Clouder.CloudFilter\Clouder.CloudFilter.csproj", "{C845EDB1-D7E7-4865-A034-8EDF6FD520E6}"
EndProject
Project("{FAE04EC0-301F-11D3-BF4B-00C04F79EFBC}") = "Clouder.App", "src\Clouder.App\Clouder.App.csproj", "{56B54A29-32AD-409F-9438-269DF6182EB6}"
EndProject
Project("{FAE04EC0-301F-11D3-BF4B-00C04F79EFBC}") = "Clouder.Service", "src\Clouder.Service\Clouder.Service.csproj", "{5E0232D5-92DB-4784-95F6-131267B31C52}"
EndProject
Project("{FAE04EC0-301F-11D3-BF4B-00C04F79EFBC}") = "Clouder.Email", "src\Clouder.Email\Clouder.Email.csproj", "{8A3D7F2E-1B4C-4E5A-9F6D-0C2E8B7A1D3F}"
EndProject
Project("{2150E333-8FDC-42A3-9474-1A3956D46DE8}") = "tests", "tests", "{6AEEBB1B-ABE1-48A7-9E14-E1E4003D2D2D}"
EndProject
Project("{FAE04EC0-301F-11D3-BF4B-00C04F79EFBC}") = "Clouder.Storage.Tests", "tests\Clouder.Storage.Tests\Clouder.Storage.Tests.csproj", "{66E32278-2135-49DC-A5C0-572ED01B68A5}"
EndProject
Global
	GlobalSection(SolutionConfigurationPlatforms) = preSolution
		Debug|Any CPU = Debug|Any CPU
		Release|Any CPU = Release|Any CPU
	EndGlobalSection
	GlobalSection(SolutionProperties) = preSolution
		HideSolutionNode = FALSE
	EndGlobalSection
	GlobalSection(ProjectConfigurationPlatforms) = postSolution
		{2A090A49-94A1-4D5F-BFEE-720C3D6185D6}.Debug|Any CPU.ActiveCfg = Debug|Any CPU
		{2A090A49-94A1-4D5F-BFEE-720C3D6185D6}.Debug|Any CPU.Build.0 = Debug|Any CPU
		{2A090A49-94A1-4D5F-BFEE-720C3D6185D6}.Release|Any CPU.ActiveCfg = Release|Any CPU
		{2A090A49-94A1-4D5F-BFEE-720C3D6185D6}.Release|Any CPU.Build.0 = Release|Any CPU
		{B35B424C-DA15-44E5-9161-4CAA5D036C8D}.Debug|Any CPU.ActiveCfg = Debug|Any CPU
		{B35B424C-DA15-44E5-9161-4CAA5D036C8D}.Debug|Any CPU.Build.0 = Debug|Any CPU
		{B35B424C-DA15-44E5-9161-4CAA5D036C8D}.Release|Any CPU.ActiveCfg = Release|Any CPU
		{B35B424C-DA15-44E5-9161-4CAA5D036C8D}.Release|Any CPU.Build.0 = Release|Any CPU
		{A29485F3-406A-4DD3-B96A-7CDFFAB7B68D}.Debug|Any CPU.ActiveCfg = Debug|Any CPU
		{A29485F3-406A-4DD3-B96A-7CDFFAB7B68D}.Debug|Any CPU.Build.0 = Debug|Any CPU
		{A29485F3-406A-4DD3-B96A-7CDFFAB7B68D}.Release|Any CPU.ActiveCfg = Release|Any CPU
		{A29485F3-406A-4DD3-B96A-7CDFFAB7B68D}.Release|Any CPU.Build.0 = Release|Any CPU
		{DFA31D30-1EB8-4821-A45D-BA4E2808014C}.Debug|Any CPU.ActiveCfg = Debug|Any CPU
		{DFA31D30-1EB8-4821-A45D-BA4E2808014C}.Debug|Any CPU.Build.0 = Debug|Any CPU
		{DFA31D30-1EB8-4821-A45D-BA4E2808014C}.Release|Any CPU.ActiveCfg = Release|Any CPU
		{DFA31D30-1EB8-4821-A45D-BA4E2808014C}.Release|Any CPU.Build.0 = Release|Any CPU
		{C845EDB1-D7E7-4865-A034-8EDF6FD520E6}.Debug|Any CPU.ActiveCfg = Debug|Any CPU
		{C845EDB1-D7E7-4865-A034-8EDF6FD520E6}.Debug|Any CPU.Build.0 = Debug|Any CPU
		{C845EDB1-D7E7-4865-A034-8EDF6FD520E6}.Release|Any CPU.ActiveCfg = Release|Any CPU
		{C845EDB1-D7E7-4865-A034-8EDF6FD520E6}.Release|Any CPU.Build.0 = Release|Any CPU
		{56B54A29-32AD-409F-9438-269DF6182EB6}.Debug|Any CPU.ActiveCfg = Debug|x86
		{56B54A29-32AD-409F-9438-269DF6182EB6}.Debug|Any CPU.Build.0 = Debug|x86
		{56B54A29-32AD-409F-9438-269DF6182EB6}.Release|Any CPU.ActiveCfg = Release|x86
		{56B54A29-32AD-409F-9438-269DF6182EB6}.Release|Any CPU.Build.0 = Release|x86
		{5E0232D5-92DB-4784-95F6-131267B31C52}.Debug|Any CPU.ActiveCfg = Debug|Any CPU
		{5E0232D5-92DB-4784-95F6-131267B31C52}.Debug|Any CPU.Build.0 = Debug|Any CPU
		{5E0232D5-92DB-4784-95F6-131267B31C52}.Release|Any CPU.ActiveCfg = Release|Any CPU
		{5E0232D5-92DB-4784-95F6-131267B31C52}.Release|Any CPU.Build.0 = Release|Any CPU
		{66E32278-2135-49DC-A5C0-572ED01B68A5}.Debug|Any CPU.ActiveCfg = Debug|Any CPU
		{66E32278-2135-49DC-A5C0-572ED01B68A5}.Debug|Any CPU.Build.0 = Debug|Any CPU
		{66E32278-2135-49DC-A5C0-572ED01B68A5}.Release|Any CPU.ActiveCfg = Release|Any CPU
		{66E32278-2135-49DC-A5C0-572ED01B68A5}.Release|Any CPU.Build.0 = Release|Any CPU
		{8A3D7F2E-1B4C-4E5A-9F6D-0C2E8B7A1D3F}.Debug|Any CPU.ActiveCfg = Debug|Any CPU
		{8A3D7F2E-1B4C-4E5A-9F6D-0C2E8B7A1D3F}.Debug|Any CPU.Build.0 = Debug|Any CPU
		{8A3D7F2E-1B4C-4E5A-9F6D-0C2E8B7A1D3F}.Release|Any CPU.ActiveCfg = Release|Any CPU
		{8A3D7F2E-1B4C-4E5A-9F6D-0C2E8B7A1D3F}.Release|Any CPU.Build.0 = Release|Any CPU
	EndGlobalSection
	GlobalSection(NestedProjects) = preSolution
		{2A090A49-94A1-4D5F-BFEE-720C3D6185D6} = {27F06173-2F92-447C-9E2E-7941101D3930}
		{B35B424C-DA15-44E5-9161-4CAA5D036C8D} = {27F06173-2F92-447C-9E2E-7941101D3930}
		{A29485F3-406A-4DD3-B96A-7CDFFAB7B68D} = {27F06173-2F92-447C-9E2E-7941101D3930}
		{DFA31D30-1EB8-4821-A45D-BA4E2808014C} = {27F06173-2F92-447C-9E2E-7941101D3930}
		{C845EDB1-D7E7-4865-A034-8EDF6FD520E6} = {27F06173-2F92-447C-9E2E-7941101D3930}
		{56B54A29-32AD-409F-9438-269DF6182EB6} = {27F06173-2F92-447C-9E2E-7941101D3930}
		{5E0232D5-92DB-4784-95F6-131267B31C52} = {27F06173-2F92-447C-9E2E-7941101D3930}
		{8A3D7F2E-1B4C-4E5A-9F6D-0C2E8B7A1D3F} = {27F06173-2F92-447C-9E2E-7941101D3930}
		{66E32278-2135-49DC-A5C0-572ED01B68A5} = {6AEEBB1B-ABE1-48A7-9E14-E1E4003D2D2D}
	EndGlobalSection
EndGlobal
